
Microsoft Visual Studio Solution File, Format Version 12.00
# Visual Studio Version 16
VisualStudioVersion = 16.0.29926.136
MinimumVisualStudioVersion = 10.0.40219.1
Project("{FAE04EC0-301F-11D3-BF4B-00C04F79EFBC}") = "WindowsDateUtilGUI", "WindowsDateUtilGUI.csproj", "{37693C8A-0A10-42AB-AD28-A4F70022AFB1}"
EndProject
Global
	GlobalSection(SolutionConfigurationPlatforms) = preSolution
		Debug|Any CPU = Debug|Any CPU
		Release|Any CPU = Release|Any CPU
	EndGlobalSection
	GlobalSection(ProjectConfigurationPlatforms) = postSolution
		{37693C8A-0A10-42AB-AD28-A4F70022AFB1}.Debug|Any CPU.ActiveCfg = Debug|Any CPU
		{37693C8A-0A10-42AB-AD28-A4F70022AFB1}.Debug|Any CPU.Build.0 = Debug|Any CPU
		{37693C8A-0A10-42AB-AD28-A4F70022AFB1}.Release|Any CPU.ActiveCfg = Release|Any CPU
		{37693C8A-0A10-42AB-AD28-A4F70022AFB1}.Release|Any CPU.Build.0 = Release|Any CPU
	EndGlobalSection
	GlobalSection(SolutionProperties) = preSolution
		HideSolutionNode = FALSE
	EndGlobalSection
	GlobalSection(ExtensibilityGlobals) = postSolution
		SolutionGuid = {2048E96F-0894-4685-9688-89A5DE474458}
	EndGlobalSection
EndGlobal
